
Microsoft Visual Studio Solution File, Format Version 12.00
# Visual Studio 2012
Project("{FAE04EC0-301F-11D3-BF4B-00C04F79EFBC}") = "DDDSkeletonNET.Infrastructure.Common", "DDDSkeletonNET.Infrastructure.Common\DDDSkeletonNET.Infrastructure.Common.csproj", "{1D8E9379-965A-4524-8A1E-288E778D40D9}"
EndProject
Project("{FAE04EC0-301F-11D3-BF4B-00C04F79EFBC}") = "DDDSkeletonNET.Portal.Domain", "DDDSkeletonNET.Portal.Domain\DDDSkeletonNET.Portal.Domain.csproj", "{33248B93-DFE6-4773-8300-8D96D533C010}"
EndProject
Project("{FAE04EC0-301F-11D3-BF4B-00C04F79EFBC}") = "DDDSkeletonNET.Portal.Repository.Memory", "DDDSkeletonNET.Portal.Repository.Memory\DDDSkeletonNET.Portal.Repository.Memory.csproj", "{A2525CB1-D506-4DC4-A685-BCC3473E0842}"
EndProject
Project("{FAE04EC0-301F-11D3-BF4B-00C04F79EFBC}") = "DDDSkeletonNET.Portal.ApplicationServices", "DDDSkeletonNET.Portal.ApplicationServices\DDDSkeletonNET.Portal.ApplicationServices.csproj", "{ED7EFCC8-CC95-4275-84A7-0FEF82C8FABA}"
EndProject
Project("{FAE04EC0-301F-11D3-BF4B-00C04F79EFBC}") = "DDDSkeletonNET.Portal.WebService", "DDDSkeletonNET.Portal.WebService\DDDSkeletonNET.Portal.WebService.csproj", "{83FDD31A-E837-4F29-B63F-BE0B59DD456C}"
EndProject
Global
	GlobalSection(SolutionConfigurationPlatforms) = preSolution
		Debug|Any CPU = Debug|Any CPU
		Release|Any CPU = Release|Any CPU
	EndGlobalSection
	GlobalSection(ProjectConfigurationPlatforms) = postSolution
		{1D8E9379-965A-4524-8A1E-288E778D40D9}.Debug|Any CPU.ActiveCfg = Debug|Any CPU
		{1D8E9379-965A-4524-8A1E-288E778D40D9}.Debug|Any CPU.Build.0 = Debug|Any CPU
		{1D8E9379-965A-4524-8A1E-288E778D40D9}.Release|Any CPU.ActiveCfg = Release|Any CPU
		{1D8E9379-965A-4524-8A1E-288E778D40D9}.Release|Any CPU.Build.0 = Release|Any CPU
		{33248B93-DFE6-4773-8300-8D96D533C010}.Debug|Any CPU.ActiveCfg = Debug|Any CPU
		{33248B93-DFE6-4773-8300-8D96D533C010}.Debug|Any CPU.Build.0 = Debug|Any CPU
		{33248B93-DFE6-4773-8300-8D96D533C010}.Release|Any CPU.ActiveCfg = Release|Any CPU
		{33248B93-DFE6-4773-8300-8D96D533C010}.Release|Any CPU.Build.0 = Release|Any CPU
		{A2525CB1-D506-4DC4-A685-BCC3473E0842}.Debug|Any CPU.ActiveCfg = Debug|Any CPU
		{A2525CB1-D506-4DC4-A685-BCC3473E0842}.Debug|Any CPU.Build.0 = Debug|Any CPU
		{A2525CB1-D506-4DC4-A685-BCC3473E0842}.Release|Any CPU.ActiveCfg = Release|Any CPU
		{A2525CB1-D506-4DC4-A685-BCC3473E0842}.Release|Any CPU.Build.0 = Release|Any CPU
		{ED7EFCC8-CC95-4275-84A7-0FEF82C8FABA}.Debug|Any CPU.ActiveCfg = Debug|Any CPU
		{ED7EFCC8-CC95-4275-84A7-0FEF82C8FABA}.Debug|Any CPU.Build.0 = Debug|Any CPU
		{ED7EFCC8-CC95-4275-84A7-0FEF82C8FABA}.Release|Any CPU.ActiveCfg = Release|Any CPU
		{ED7EFCC8-CC95-4275-84A7-0FEF82C8FABA}.Release|Any CPU.Build.0 = Release|Any CPU
		{83FDD31A-E837-4F29-B63F-BE0B59DD456C}.Debug|Any CPU.ActiveCfg = Debug|Any CPU
		{83FDD31A-E837-4F29-B63F-BE0B59DD456C}.Debug|Any CPU.Build.0 = Debug|Any CPU
		{83FDD31A-E837-4F29-B63F-BE0B59DD456C}.Release|Any CPU.ActiveCfg = Release|Any CPU
		{83FDD31A-E837-4F29-B63F-BE0B59DD456C}.Release|Any CPU.Build.0 = Release|Any CPU
	EndGlobalSection
	GlobalSection(SolutionProperties) = preSolution
		HideSolutionNode = FALSE
	EndGlobalSection
EndGlobal
